
Microsoft Visual Studio Solution File, Format Version 12.00
# Visual Studio 2017
Project("{FAE04EC0-301F-11D3-BF4B-00C04F79EFBC}") = "Space Duck", "Space Duck.csproj", "{96558C42-96F4-6455-EC09-A043C69B245D}"
EndProject
Project("{FAE04EC0-301F-11D3-BF4B-00C04F79EFBC}") = "Space Duck.Editor", "Space Duck.Editor.csproj", "{310BD7E8-9B77-F895-820F-B6B66C86CB66}"
EndProject
Global
	GlobalSection(SolutionConfigurationPlatforms) = preSolution
		Debug|Any CPU = Debug|Any CPU
		Release|Any CPU = Release|Any CPU
	EndGlobalSection
	GlobalSection(ProjectConfigurationPlatforms) = postSolution
		{96558C42-96F4-6455-EC09-A043C69B245D}.Debug|Any CPU.ActiveCfg = Debug|Any CPU
		{96558C42-96F4-6455-EC09-A043C69B245D}.Debug|Any CPU.Build.0 = Debug|Any CPU
		{96558C42-96F4-6455-EC09-A043C69B245D}.Release|Any CPU.ActiveCfg = Release|Any CPU
		{96558C42-96F4-6455-EC09-A043C69B245D}.Release|Any CPU.Build.0 = Release|Any CPU
		{310BD7E8-9B77-F895-820F-B6B66C86CB66}.Debug|Any CPU.ActiveCfg = Debug|Any CPU
		{310BD7E8-9B77-F895-820F-B6B66C86CB66}.Debug|Any CPU.Build.0 = Debug|Any CPU
		{310BD7E8-9B77-F895-820F-B6B66C86CB66}.Release|Any CPU.ActiveCfg = Release|Any CPU
		{310BD7E8-9B77-F895-820F-B6B66C86CB66}.Release|Any CPU.Build.0 = Release|Any CPU
	EndGlobalSection
	GlobalSection(SolutionProperties) = preSolution
		HideSolutionNode = FALSE
	EndGlobalSection
EndGlobal
